// !$*UTF8*$!
{
	archiveVersion = 1;
	classes = {
	};
	objectVersion = 56;
	objects = {

/* Begin PBXBuildFile section */
		4C7E45D52B6A01F400A66095 /* AppDelegate.swift in Sources */ = {isa = PBXBuildFile; fileRef = 4C7E45D42B6A01F400A66095 /* AppDelegate.swift */; };
		4C7E45D72B6A01F400A66095 /* ContentView.swift in Sources */ = {isa = PBXBuildFile; fileRef = 4C7E45D62B6A01F400A66095 /* ContentView.swift */; };
		4C7E45D92B6A01F500A66095 /* Assets.xcassets in Resources */ = {isa = PBXBuildFile; fileRef = 4C7E45D82B6A01F500A66095 /* Assets.xcassets */; };
		4C7E45DC2B6A01F500A66095 /* Preview Assets.xcassets in Resources */ = {isa = PBXBuildFile; fileRef = 4C7E45DB2B6A01F500A66095 /* Preview Assets.xcassets */; };
		4C7E45E72B6A036E00A66095 /* fender_stratocaster.usdz in Resources */ = {isa = PBXBuildFile; fileRef = 4C7E45E32B6A036E00A66095 /* fender_stratocaster.usdz */; };
		4C7E45E82B6A036E00A66095 /* robot_walk_idle.usdz in Resources */ = {isa = PBXBuildFile; fileRef = 4C7E45E42B6A036E00A66095 /* robot_walk_idle.usdz */; };
		4C7E45E92B6A036E00A66095 /* teapot.usdz in Resources */ = {isa = PBXBuildFile; fileRef = 4C7E45E52B6A036E00A66095 /* teapot.usdz */; };
		4C7E45EA2B6A036E00A66095 /* toy_biplane_idle.usdz in Resources */ = {isa = PBXBuildFile; fileRef = 4C7E45E62B6A036E00A66095 /* toy_biplane_idle.usdz */; };
/* End PBXBuildFile section */

/* Begin PBXFileReference section */
		4C7E45D12B6A01F400A66095 /* ModelPickerApp.app */ = {isa = PBXFileReference; explicitFileType = wrapper.application; includeInIndex = 0; path = ModelPickerApp.app; sourceTree = BUILT_PRODUCTS_DIR; };
		4C7E45D42B6A01F400A66095 /* AppDelegate.swift */ = {isa = PBXFileReference; lastKnownFileType = sourcecode.swift; path = AppDelegate.swift; sourceTree = "<group>"; };
		4C7E45D62B6A01F400A66095 /* ContentView.swift */ = {isa = PBXFileReference; lastKnownFileType = sourcecode.swift; path = ContentView.swift; sourceTree = "<group>"; };
		4C7E45D82B6A01F500A66095 /* Assets.xcassets */ = {isa = PBXFileReference; lastKnownFileType = folder.assetcatalog; path = Assets.xcassets; sourceTree = "<group>"; };
		4C7E45DB2B6A01F500A66095 /* Preview Assets.xcassets */ = {isa = PBXFileReference; lastKnownFileType = folder.assetcatalog; path = "Preview Assets.xcassets"; sourceTree = "<group>"; };
		4C7E45E32B6A036E00A66095 /* fender_stratocaster.usdz */ = {isa = PBXFileReference; lastKnownFileType = file.usdz; path = fender_stratocaster.usdz; sourceTree = "<group>"; };
		4C7E45E42B6A036E00A66095 /* robot_walk_idle.usdz */ = {isa = PBXFileReference; lastKnownFileType = file.usdz; path = robot_walk_idle.usdz; sourceTree = "<group>"; };
		4C7E45E52B6A036E00A66095 /* teapot.usdz */ = {isa = PBXFileReference; lastKnownFileType = file.usdz; path = teapot.usdz; sourceTree = "<group>"; };
		4C7E45E62B6A036E00A66095 /* toy_biplane_idle.usdz */ = {isa = PBXFileReference; lastKnownFileType = file.usdz; path = toy_biplane_idle.usdz; sourceTree = "<group>"; };
/* End PBXFileReference section */

/* Begin PBXFrameworksBuildPhase section */
		4C7E45CE2B6A01F400A66095 /* Frameworks */ = {
			isa = PBXFrameworksBuildPhase;
			buildActionMask = 2147483647;
			files = (
			);
			runOnlyForDeploymentPostprocessing = 0;
		};
/* End PBXFrameworksBuildPhase section */

/* Begin PBXGroup section */
		4C7E45C82B6A01F400A66095 = {
			isa = PBXGroup;
			children = (
				4C7E45D32B6A01F400A66095 /* ModelPickerApp */,
				4C7E45D22B6A01F400A66095 /* Products */,
			);
			sourceTree = "<group>";
		};
		4C7E45D22B6A01F400A66095 /* Products */ = {
			isa = PBXGroup;
			children = (
				4C7E45D12B6A01F400A66095 /* ModelPickerApp.app */,
			);
			name = Products;
			sourceTree = "<group>";
		};
		4C7E45D32B6A01F400A66095 /* ModelPickerApp */ = {
			isa = PBXGroup;
			children = (
				4C7E45EB2B6A109F00A66095 /* models */,
				4C7E45D42B6A01F400A66095 /* AppDelegate.swift */,
				4C7E45D62B6A01F400A66095 /* ContentView.swift */,
				4C7E45D82B6A01F500A66095 /* Assets.xcassets */,
				4C7E45DA2B6A01F500A66095 /* Preview Content */,
			);
			path = ModelPickerApp;
			sourceTree = "<group>";
		};
		4C7E45DA2B6A01F500A66095 /* Preview Content */ = {
			isa = PBXGroup;
			children = (
				4C7E45DB2B6A01F500A66095 /* Preview Assets.xcassets */,
			);
			path = "Preview Content";
			sourceTree = "<group>";
		};
		4C7E45EB2B6A109F00A66095 /* models */ = {
			isa = PBXGroup;
			children = (
				4C7E45E32B6A036E00A66095 /* fender_stratocaster.usdz */,
				4C7E45E42B6A036E00A66095 /* robot_walk_idle.usdz */,
				4C7E45E52B6A036E00A66095 /* teapot.usdz */,
				4C7E45E62B6A036E00A66095 /* toy_biplane_idle.usdz */,
			);
			name = models;
			sourceTree = "<group>";
		};
/* End PBXGroup section */

/* Begin PBXNativeTarget section */
		4C7E45D02B6A01F400A66095 /* ModelPickerApp */ = {
			isa = PBXNativeTarget;
			buildConfigurationList = 4C7E45DF2B6A01F500A66095 /* Build configuration list for PBXNativeTarget "ModelPickerApp" */;
			buildPhases = (
				4C7E45CD2B6A01F400A66095 /* Sources */,
				4C7E45CE2B6A01F400A66095 /* Frameworks */,
				4C7E45CF2B6A01F400A66095 /* Resources */,
			);
			buildRules = (
			);
			dependencies = (
			);
			name = ModelPickerApp;
			productName = ModelPickerApp;
			productReference = 4C7E45D12B6A01F400A66095 /* ModelPickerApp.app */;
			productType = "com.apple.product-type.application";
		};
/* End PBXNativeTarget section */

/* Begin PBXProject section */
		4C7E45C92B6A01F400A66095 /* Project object */ = {
			isa = PBXProject;
			attributes = {
				BuildIndependentTargetsInParallel = 1;
				LastSwiftUpdateCheck = 1520;
				LastUpgradeCheck = 1520;
				TargetAttributes = {
					4C7E45D02B6A01F400A66095 = {
						CreatedOnToolsVersion = 15.2;
					};
				};
			};
			buildConfigurationList = 4C7E45CC2B6A01F400A66095 /* Build configuration list for PBXProject "ModelPickerApp" */;
			compatibilityVersion = "Xcode 14.0";
			developmentRegion = en;
			hasScannedForEncodings = 0;
			knownRegions = (
				en,
				Base,
			);
			mainGroup = 4C7E45C82B6A01F400A66095;
			productRefGroup = 4C7E45D22B6A01F400A66095 /* Products */;
			projectDirPath = "";
			projectRoot = "";
			targets = (
				4C7E45D02B6A01F400A66095 /* ModelPickerApp */,
			);
		};
/* End PBXProject section */

/* Begin PBXResourcesBuildPhase section */
		4C7E45CF2B6A01F400A66095 /* Resources */ = {
			isa = PBXResourcesBuildPhase;
			buildActionMask = 2147483647;
			files = (
				4C7E45DC2B6A01F500A66095 /* Preview Assets.xcassets in Resources */,
				4C7E45E82B6A036E00A66095 /* robot_walk_idle.usdz in Resources */,
				4C7E45D92B6A01F500A66095 /* Assets.xcassets in Resources */,
				4C7E45E72B6A036E00A66095 /* fender_stratocaster.usdz in Resources */,
				4C7E45EA2B6A036E00A66095 /* toy_biplane_idle.usdz in Resources */,
				4C7E45E92B6A036E00A66095 /* teapot.usdz in Resources */,
			);
			runOnlyForDeploymentPostprocessing = 0;
		};
/* End PBXResourcesBuildPhase section */

/* Begin PBXSourcesBuildPhase section */
		4C7E45CD2B6A01F400A66095 /* Sources */ = {
			isa = PBXSourcesBuildPhase;
			buildActionMask = 2147483647;
			files = (
				4C7E45D72B6A01F400A66095 /* ContentView.swift in Sources */,
				4C7E45D52B6A01F400A66095 /* AppDelegate.swift in Sources */,
			);
			runOnlyForDeploymentPostprocessing = 0;
		};
/* End PBXSourcesBuildPhase section */

/* Begin XCBuildConfiguration section */
		4C7E45DD2B6A01F500A66095 /* Debug */ = {
			isa = XCBuildConfiguration;
			buildSettings = {
				ALWAYS_SEARCH_USER_PATHS = NO;
				ASSETCATALOG_COMPILER_GENERATE_SWIFT_ASSET_SYMBOL_EXTENSIONS = YES;
				CLANG_ANALYZER_NONNULL = YES;
				CLANG_ANALYZER_NUMBER_OBJECT_CONVERSION = YES_AGGRESSIVE;
				CLANG_CXX_LANGUAGE_STANDARD = "gnu++20";
				CLANG_ENABLE_MODULES = YES;
				CLANG_ENABLE_OBJC_ARC = YES;
				CLANG_ENABLE_OBJC_WEAK = YES;
				CLANG_WARN_BLOCK_CAPTURE_AUTORELEASING = YES;
				CLANG_WARN_BOOL_CONVERSION = YES;
				CLANG_WARN_COMMA = YES;
				CLANG_WARN_CONSTANT_CONVERSION = YES;
				CLANG_WARN_DEPRECATED_OBJC_IMPLEMENTATIONS = YES;
				CLANG_WARN_DIRECT_OBJC_ISA_USAGE = YES_ERROR;
				CLANG_WARN_DOCUMENTATION_COMMENTS = YES;
				CLANG_WARN_EMPTY_BODY = YES;
				CLANG_WARN_ENUM_CONVERSION = YES;
				CLANG_WARN_INFINITE_RECURSION = YES;
				CLANG_WARN_INT_CONVERSION = YES;
				CLANG_WARN_NON_LITERAL_NULL_CONVERSION = YES;
				CLANG_WARN_OBJC_IMPLICIT_RETAIN_SELF = YES;
				CLANG_WARN_OBJC_LITERAL_CONVERSION = YES;
				CLANG_WARN_OBJC_ROOT_CLASS = YES_ERROR;
				CLANG_WARN_QUOTED_INCLUDE_IN_FRAMEWORK_HEADER = YES;
				CLANG_WARN_RANGE_LOOP_ANALYSIS = YES;
				CLANG_WARN_STRICT_PROTOTYPES = YES;
				CLANG_WARN_SUSPICIOUS_MOVE = YES;
				CLANG_WARN_UNGUARDED_AVAILABILITY = YES_AGGRESSIVE;
				CLANG_WARN_UNREACHABLE_CODE = YES;
				CLANG_WARN__DUPLICATE_METHOD_MATCH = YES;
				COPY_PHASE_STRIP = NO;
				DEBUG_INFORMATION_FORMAT = dwarf;
				ENABLE_STRICT_OBJC_MSGSEND = YES;
				ENABLE_TESTABILITY = YES;
				ENABLE_USER_SCRIPT_SANDBOXING = YES;
				GCC_C_LANGUAGE_STANDARD = gnu17;
				GCC_DYNAMIC_NO_PIC = NO;
				GCC_NO_COMMON_BLOCKS = YES;
				GCC_OPTIMIZATION_LEVEL = 0;
				GCC_PREPROCESSOR_DEFINITIONS = (
					"DEBUG=1",
					"$(inherited)",
				);
				GCC_WARN_64_TO_32_BIT_CONVERSION = YES;
				GCC_WARN_ABOUT_RETURN_TYPE = YES_ERROR;
				GCC_WARN_UNDECLARED_SELECTOR = YES;
				GCC_WARN_UNINITIALIZED_AUTOS = YES_AGGRESSIVE;
				GCC_WARN_UNUSED_FUNCTION = YES;
				GCC_WARN_UNUSED_VARIABLE = YES;
				IPHONEOS_DEPLOYMENT_TARGET = 17.2;
				LOCALIZATION_PREFERS_STRING_CATALOGS = YES;
				MTL_ENABLE_DEBUG_INFO = INCLUDE_SOURCE;
				MTL_FAST_MATH = YES;
				ONLY_ACTIVE_ARCH = YES;
				SDKROOT = iphoneos;
				SWIFT_ACTIVE_COMPILATION_CONDITIONS = "DEBUG $(inherited)";
				SWIFT_OPTIMIZATION_LEVEL = "-Onone";
			};
			name = Debug;
		};
		4C7E45DE2B6A01F500A66095 /* Release */ = {
			isa = XCBuildConfiguration;
			buildSettings = {
				ALWAYS_SEARCH_USER_PATHS = NO;
				ASSETCATALOG_COMPILER_GENERATE_SWIFT_ASSET_SYMBOL_EXTENSIONS = YES;
				CLANG_ANALYZER_NONNULL = YES;
				CLANG_ANALYZER_NUMBER_OBJECT_CONVERSION = YES_AGGRESSIVE;
				CLANG_CXX_LANGUAGE_STANDARD = "gnu++20";
				CLANG_ENABLE_MODULES = YES;
				CLANG_ENABLE_OBJC_ARC = YES;
				CLANG_ENABLE_OBJC_WEAK = YES;
				CLANG_WARN_BLOCK_CAPTURE_AUTORELEASING = YES;
				CLANG_WARN_BOOL_CONVERSION = YES;
				CLANG_WARN_COMMA = YES;
				CLANG_WARN_CONSTANT_CONVERSION = YES;
				CLANG_WARN_DEPRECATED_OBJC_IMPLEMENTATIONS = YES;
				CLANG_WARN_DIRECT_OBJC_ISA_USAGE = YES_ERROR;
				CLANG_WARN_DOCUMENTATION_COMMENTS = YES;
				CLANG_WARN_EMPTY_BODY = YES;
				CLANG_WARN_ENUM_CONVERSION = YES;
				CLANG_WARN_INFINITE_RECURSION = YES;
				CLANG_WARN_INT_CONVERSION = YES;
				CLANG_WARN_NON_LITERAL_NULL_CONVERSION = YES;
				CLANG_WARN_OBJC_IMPLICIT_RETAIN_SELF = YES;
				CLANG_WARN_OBJC_LITERAL_CONVERSION = YES;
				CLANG_WARN_OBJC_ROOT_CLASS = YES_ERROR;
				CLANG_WARN_QUOTED_INCLUDE_IN_FRAMEWORK_HEADER = YES;
				CLANG_WARN_RANGE_LOOP_ANALYSIS = YES;
				CLANG_WARN_STRICT_PROTOTYPES = YES;
				CLANG_WARN_SUSPICIOUS_MOVE = YES;
				CLANG_WARN_UNGUARDED_AVAILABILITY = YES_AGGRESSIVE;
				CLANG_WARN_UNREACHABLE_CODE = YES;
				CLANG_WARN__DUPLICATE_METHOD_MATCH = YES;
				COPY_PHASE_STRIP = NO;
				DEBUG_INFORMATION_FORMAT = "dwarf-with-dsym";
				ENABLE_NS_ASSERTIONS = NO;
				ENABLE_STRICT_OBJC_MSGSEND = YES;
				ENABLE_USER_SCRIPT_SANDBOXING = YES;
				GCC_C_LANGUAGE_STANDARD = gnu17;
				GCC_NO_COMMON_BLOCKS = YES;
				GCC_WARN_64_TO_32_BIT_CONVERSION = YES;
				GCC_WARN_ABOUT_RETURN_TYPE = YES_ERROR;
				GCC_WARN_UNDECLARED_SELECTOR = YES;
				GCC_WARN_UNINITIALIZED_AUTOS = YES_AGGRESSIVE;
				GCC_WARN_UNUSED_FUNCTION = YES;
				GCC_WARN_UNUSED_VARIABLE = YES;
				IPHONEOS_DEPLOYMENT_TARGET = 17.2;
				LOCALIZATION_PREFERS_STRING_CATALOGS = YES;
				MTL_ENABLE_DEBUG_INFO = NO;
				MTL_FAST_MATH = YES;
				SDKROOT = iphoneos;
				SWIFT_COMPILATION_MODE = wholemodule;
				VALIDATE_PRODUCT = YES;
			};
			name = Release;
		};
		4C7E45E02B6A01F500A66095 /* Debug */ = {
			isa = XCBuildConfiguration;
			buildSettings = {
				ASSETCATALOG_COMPILER_APPICON_NAME = AppIcon;
				ASSETCATALOG_COMPILER_GLOBAL_ACCENT_COLOR_NAME = AccentColor;
				CODE_SIGN_STYLE = Automatic;
				CURRENT_PROJECT_VERSION = 1;
				DEVELOPMENT_ASSET_PATHS = "\"ModelPickerApp/Preview Content\"";
				DEVELOPMENT_TEAM = Y9FSLX65TN;
				ENABLE_PREVIEWS = YES;
				GENERATE_INFOPLIST_FILE = YES;
				INFOPLIST_KEY_NSCameraUsageDescription = "";
				INFOPLIST_KEY_UIApplicationSupportsIndirectInputEvents = YES;
				INFOPLIST_KEY_UILaunchScreen_Generation = YES;
				INFOPLIST_KEY_UIRequiredDeviceCapabilities = arkit;
				INFOPLIST_KEY_UIStatusBarHidden = YES;
				INFOPLIST_KEY_UISupportedInterfaceOrientations_iPad = "UIInterfaceOrientationPortrait UIInterfaceOrientationPortraitUpsideDown UIInterfaceOrientationLandscapeLeft UIInterfaceOrientationLandscapeRight";
				INFOPLIST_KEY_UISupportedInterfaceOrientations_iPhone = "UIInterfaceOrientationPortrait UIInterfaceOrientationLandscapeLeft UIInterfaceOrientationLandscapeRight";
				LD_RUNPATH_SEARCH_PATHS = (
					"$(inherited)",
					"@executable_path/Frameworks",
				);
				MARKETING_VERSION = 1.0;
				PRODUCT_BUNDLE_IDENTIFIER = com.lahiru.modelpckerapp;
				PRODUCT_NAME = "$(TARGET_NAME)";
				SWIFT_EMIT_LOC_STRINGS = YES;
				SWIFT_VERSION = 5.0;
				TARGETED_DEVICE_FAMILY = "1,2";
			};
			name = Debug;
		};
		4C7E45E12B6A01F500A66095 /* Release */ = {
			isa = XCBuildConfiguration;
			buildSettings = {
				ASSETCATALOG_COMPILER_APPICON_NAME = AppIcon;
				ASSETCATALOG_COMPILER_GLOBAL_ACCENT_COLOR_NAME = AccentColor;
				CODE_SIGN_STYLE = Automatic;
				CURRENT_PROJECT_VERSION = 1;
				DEVELOPMENT_ASSET_PATHS = "\"ModelPickerApp/Preview Content\"";
				DEVELOPMENT_TEAM = Y9FSLX65TN;
				ENABLE_PREVIEWS = YES;
				GENERATE_INFOPLIST_FILE = YES;
				INFOPLIST_KEY_NSCameraUsageDescription = "";
				INFOPLIST_KEY_UIApplicationSupportsIndirectInputEvents = YES;
				INFOPLIST_KEY_UILaunchScreen_Generation = YES;
				INFOPLIST_KEY_UIRequiredDeviceCapabilities = arkit;
				INFOPLIST_KEY_UIStatusBarHidden = YES;
				INFOPLIST_KEY_UISupportedInterfaceOrientations_iPad = "UIInterfaceOrientationPortrait UIInterfaceOrientationPortraitUpsideDown UIInterfaceOrientationLandscapeLeft UIInterfaceOrientationLandscapeRight";
				INFOPLIST_KEY_UISupportedInterfaceOrientations_iPhone = "UIInterfaceOrientationPortrait UIInterfaceOrientationLandscapeLeft UIInterfaceOrientationLandscapeRight";
				LD_RUNPATH_SEARCH_PATHS = (
					"$(inherited)",
					"@executable_path/Frameworks",
				);
				MARKETING_VERSION = 1.0;
				PRODUCT_BUNDLE_IDENTIFIER = com.lahiru.modelpckerapp;
				PRODUCT_NAME = "$(TARGET_NAME)";
				SWIFT_EMIT_LOC_STRINGS = YES;
				SWIFT_VERSION = 5.0;
				TARGETED_DEVICE_FAMILY = "1,2";
			};
			name = Release;
		};
/* End XCBuildConfiguration section */

/* Begin XCConfigurationList section */
		4C7E45CC2B6A01F400A66095 /* Build configuration list for PBXProject "ModelPickerApp" */ = {
			isa = XCConfigurationList;
			buildConfigurations = (
				4C7E45DD2B6A01F500A66095 /* Debug */,
				4C7E45DE2B6A01F500A66095 /* Release */,
			);
			defaultConfigurationIsVisible = 0;
			defaultConfigurationName = Release;
		};
		4C7E45DF2B6A01F500A66095 /* Build configuration list for PBXNativeTarget "ModelPickerApp" */ = {
			isa = XCConfigurationList;
			buildConfigurations = (
				4C7E45E02B6A01F500A66095 /* Debug */,
				4C7E45E12B6A01F500A66095 /* Release */,
			);
			defaultConfigurationIsVisible = 0;
			defaultConfigurationName = Release;
		};
/* End XCConfigurationList section */
	};
	rootObject = 4C7E45C92B6A01F400A66095 /* Project object */;
}
